
Microsoft Visual Studio Solution File, Format Version 12.00
# Visual Studio Version 16
VisualStudioVersion = 16.0.30503.244
MinimumVisualStudioVersion = 10.0.40219.1
Project("{FAE04EC0-301F-11D3-BF4B-00C04F79EFBC}") = "PRAKTIKA2", "PRAKTIKA2\PRAKTIKA2.csproj", "{C986736B-D3DB-46E2-939D-D058B2AE3D93}"
EndProject
Global
	GlobalSection(SolutionConfigurationPlatforms) = preSolution
		Debug|Any CPU = Debug|Any CPU
		Release|Any CPU = Release|Any CPU
	EndGlobalSection
	GlobalSection(ProjectConfigurationPlatforms) = postSolution
		{C986736B-D3DB-46E2-939D-D058B2AE3D93}.Debug|Any CPU.ActiveCfg = Debug|Any CPU
		{C986736B-D3DB-46E2-939D-D058B2AE3D93}.Debug|Any CPU.Build.0 = Debug|Any CPU
		{C986736B-D3DB-46E2-939D-D058B2AE3D93}.Release|Any CPU.ActiveCfg = Release|Any CPU
		{C986736B-D3DB-46E2-939D-D058B2AE3D93}.Release|Any CPU.Build.0 = Release|Any CPU
	EndGlobalSection
	GlobalSection(SolutionProperties) = preSolution
		HideSolutionNode = FALSE
	EndGlobalSection
	GlobalSection(ExtensibilityGlobals) = postSolution
		SolutionGuid = {22DB1F5C-69A6-4D10-AAEE-8D03C76FB84E}
	EndGlobalSection
EndGlobal
